// !$*UTF8*$!
{
	archiveVersion = 1;
	classes = {
	};
	objectVersion = 46;
	objects = {

/* Begin PBXBuildFile section */
		F41B364D1EF0EDBF00C5EE3F /* JT.png in Resources */ = {isa = PBXBuildFile; fileRef = F41B364C1EF0EDBF00C5EE3F /* JT.png */; };
		F4C7847F1EEFD7630066DC9E /* AppDelegate.swift in Sources */ = {isa = PBXBuildFile; fileRef = F4C7847E1EEFD7630066DC9E /* AppDelegate.swift */; };
		F4C784811EEFD7630066DC9E /* ViewController.swift in Sources */ = {isa = PBXBuildFile; fileRef = F4C784801EEFD7630066DC9E /* ViewController.swift */; };
		F4C784841EEFD7630066DC9E /* Main.storyboard in Resources */ = {isa = PBXBuildFile; fileRef = F4C784821EEFD7630066DC9E /* Main.storyboard */; };
		F4C784861EEFD7630066DC9E /* Assets.xcassets in Resources */ = {isa = PBXBuildFile; fileRef = F4C784851EEFD7630066DC9E /* Assets.xcassets */; };
		F4C784891EEFD7630066DC9E /* LaunchScreen.storyboard in Resources */ = {isa = PBXBuildFile; fileRef = F4C784871EEFD7630066DC9E /* LaunchScreen.storyboard */; };
		F4C784911EEFDA4E0066DC9E /* BGSNRU.jpg in Resources */ = {isa = PBXBuildFile; fileRef = F4C784901EEFDA4E0066DC9E /* BGSNRU.jpg */; };
/* End PBXBuildFile section */

/* Begin PBXFileReference section */
		F41B364C1EF0EDBF00C5EE3F /* JT.png */ = {isa = PBXFileReference; lastKnownFileType = image.png; name = JT.png; path = ../../../../Desktop/JT.png; sourceTree = "<group>"; };
		F4C7847B1EEFD7630066DC9E /* Easy Authen.app */ = {isa = PBXFileReference; explicitFileType = wrapper.application; includeInIndex = 0; path = "Easy Authen.app"; sourceTree = BUILT_PRODUCTS_DIR; };
		F4C7847E1EEFD7630066DC9E /* AppDelegate.swift */ = {isa = PBXFileReference; lastKnownFileType = sourcecode.swift; path = AppDelegate.swift; sourceTree = "<group>"; };
		F4C784801EEFD7630066DC9E /* ViewController.swift */ = {isa = PBXFileReference; lastKnownFileType = sourcecode.swift; path = ViewController.swift; sourceTree = "<group>"; };
		F4C784831EEFD7630066DC9E /* Base */ = {isa = PBXFileReference; lastKnownFileType = file.storyboard; name = Base; path = Base.lproj/Main.storyboard; sourceTree = "<group>"; };
		F4C784851EEFD7630066DC9E /* Assets.xcassets */ = {isa = PBXFileReference; lastKnownFileType = folder.assetcatalog; path = Assets.xcassets; sourceTree = "<group>"; };
		F4C784881EEFD7630066DC9E /* Base */ = {isa = PBXFileReference; lastKnownFileType = file.storyboard; name = Base; path = Base.lproj/LaunchScreen.storyboard; sourceTree = "<group>"; };
		F4C7848A1EEFD7630066DC9E /* Info.plist */ = {isa = PBXFileReference; lastKnownFileType = text.plist.xml; path = Info.plist; sourceTree = "<group>"; };
		F4C784901EEFDA4E0066DC9E /* BGSNRU.jpg */ = {isa = PBXFileReference; lastKnownFileType = image.jpeg; name = BGSNRU.jpg; path = ../../../../Desktop/BGSNRU.jpg; sourceTree = "<group>"; };
/* End PBXFileReference section */

/* Begin PBXFrameworksBuildPhase section */
		F4C784781EEFD7630066DC9E /* Frameworks */ = {
			isa = PBXFrameworksBuildPhase;
			buildActionMask = 2147483647;
			files = (
			);
			runOnlyForDeploymentPostprocessing = 0;
		};
/* End PBXFrameworksBuildPhase section */

/* Begin PBXGroup section */
		F4C784721EEFD7630066DC9E = {
			isa = PBXGroup;
			children = (
				F4C7847D1EEFD7630066DC9E /* Easy Authen */,
				F4C7847C1EEFD7630066DC9E /* Products */,
			);
			sourceTree = "<group>";
		};
		F4C7847C1EEFD7630066DC9E /* Products */ = {
			isa = PBXGroup;
			children = (
				F4C7847B1EEFD7630066DC9E /* Easy Authen.app */,
			);
			name = Products;
			sourceTree = "<group>";
		};
		F4C7847D1EEFD7630066DC9E /* Easy Authen */ = {
			isa = PBXGroup;
			children = (
				F41B364C1EF0EDBF00C5EE3F /* JT.png */,
				F4C784901EEFDA4E0066DC9E /* BGSNRU.jpg */,
				F4C7847E1EEFD7630066DC9E /* AppDelegate.swift */,
				F4C784801EEFD7630066DC9E /* ViewController.swift */,
				F4C784821EEFD7630066DC9E /* Main.storyboard */,
				F4C784851EEFD7630066DC9E /* Assets.xcassets */,
				F4C784871EEFD7630066DC9E /* LaunchScreen.storyboard */,
				F4C7848A1EEFD7630066DC9E /* Info.plist */,
			);
			path = "Easy Authen";
			sourceTree = "<group>";
		};
/* End PBXGroup section */

/* Begin PBXNativeTarget section */
		F4C7847A1EEFD7630066DC9E /* Easy Authen */ = {
			isa = PBXNativeTarget;
			buildConfigurationList = F4C7848D1EEFD7630066DC9E /* Build configuration list for PBXNativeTarget "Easy Authen" */;
			buildPhases = (
				F4C784771EEFD7630066DC9E /* Sources */,
				F4C784781EEFD7630066DC9E /* Frameworks */,
				F4C784791EEFD7630066DC9E /* Resources */,
			);
			buildRules = (
			);
			dependencies = (
			);
			name = "Easy Authen";
			productName = "Easy Authen";
			productReference = F4C7847B1EEFD7630066DC9E /* Easy Authen.app */;
			productType = "com.apple.product-type.application";
		};
/* End PBXNativeTarget section */

/* Begin PBXProject section */
		F4C784731EEFD7630066DC9E /* Project object */ = {
			isa = PBXProject;
			attributes = {
				LastSwiftUpdateCheck = 0830;
				LastUpgradeCheck = 0830;
				ORGANIZATIONNAME = SNRU;
				TargetAttributes = {
					F4C7847A1EEFD7630066DC9E = {
						CreatedOnToolsVersion = 8.3.3;
						ProvisioningStyle = Automatic;
					};
				};
			};
			buildConfigurationList = F4C784761EEFD7630066DC9E /* Build configuration list for PBXProject "Easy Authen" */;
			compatibilityVersion = "Xcode 3.2";
			developmentRegion = English;
			hasScannedForEncodings = 0;
			knownRegions = (
				en,
				Base,
			);
			mainGroup = F4C784721EEFD7630066DC9E;
			productRefGroup = F4C7847C1EEFD7630066DC9E /* Products */;
			projectDirPath = "";
			projectRoot = "";
			targets = (
				F4C7847A1EEFD7630066DC9E /* Easy Authen */,
			);
		};
/* End PBXProject section */

/* Begin PBXResourcesBuildPhase section */
		F4C784791EEFD7630066DC9E /* Resources */ = {
			isa = PBXResourcesBuildPhase;
			buildActionMask = 2147483647;
			files = (
				F41B364D1EF0EDBF00C5EE3F /* JT.png in Resources */,
				F4C784891EEFD7630066DC9E /* LaunchScreen.storyboard in Resources */,
				F4C784911EEFDA4E0066DC9E /* BGSNRU.jpg in Resources */,
				F4C784861EEFD7630066DC9E /* Assets.xcassets in Resources */,
				F4C784841EEFD7630066DC9E /* Main.storyboard in Resources */,
			);
			runOnlyForDeploymentPostprocessing = 0;
		};
/* End PBXResourcesBuildPhase section */

/* Begin PBXSourcesBuildPhase section */
		F4C784771EEFD7630066DC9E /* Sources */ = {
			isa = PBXSourcesBuildPhase;
			buildActionMask = 2147483647;
			files = (
				F4C784811EEFD7630066DC9E /* ViewController.swift in Sources */,
				F4C7847F1EEFD7630066DC9E /* AppDelegate.swift in Sources */,
			);
			runOnlyForDeploymentPostprocessing = 0;
		};
/* End PBXSourcesBuildPhase section */

/* Begin PBXVariantGroup section */
		F4C784821EEFD7630066DC9E /* Main.storyboard */ = {
			isa = PBXVariantGroup;
			children = (
				F4C784831EEFD7630066DC9E /* Base */,
			);
			name = Main.storyboard;
			sourceTree = "<group>";
		};
		F4C784871EEFD7630066DC9E /* LaunchScreen.storyboard */ = {
			isa = PBXVariantGroup;
			children = (
				F4C784881EEFD7630066DC9E /* Base */,
			);
			name = LaunchScreen.storyboard;
			sourceTree = "<group>";
		};
/* End PBXVariantGroup section */

/* Begin XCBuildConfiguration section */
		F4C7848B1EEFD7630066DC9E /* Debug */ = {
			isa = XCBuildConfiguration;
			buildSettings = {
				ALWAYS_SEARCH_USER_PATHS = NO;
				CLANG_ANALYZER_NONNULL = YES;
				CLANG_ANALYZER_NUMBER_OBJECT_CONVERSION = YES_AGGRESSIVE;
				CLANG_CXX_LANGUAGE_STANDARD = "gnu++0x";
				CLANG_CXX_LIBRARY = "libc++";
				CLANG_ENABLE_MODULES = YES;
				CLANG_ENABLE_OBJC_ARC = YES;
				CLANG_WARN_BOOL_CONVERSION = YES;
				CLANG_WARN_CONSTANT_CONVERSION = YES;
				CLANG_WARN_DIRECT_OBJC_ISA_USAGE = YES_ERROR;
				CLANG_WARN_DOCUMENTATION_COMMENTS = YES;
				CLANG_WARN_EMPTY_BODY = YES;
				CLANG_WARN_ENUM_CONVERSION = YES;
				CLANG_WARN_INFINITE_RECURSION = YES;
				CLANG_WARN_INT_CONVERSION = YES;
				CLANG_WARN_OBJC_ROOT_CLASS = YES_ERROR;
				CLANG_WARN_SUSPICIOUS_MOVE = YES;
				CLANG_WARN_UNREACHABLE_CODE = YES;
				CLANG_WARN__DUPLICATE_METHOD_MATCH = YES;
				"CODE_SIGN_IDENTITY[sdk=iphoneos*]" = "iPhone Developer";
				COPY_PHASE_STRIP = NO;
				DEBUG_INFORMATION_FORMAT = dwarf;
				ENABLE_STRICT_OBJC_MSGSEND = YES;
				ENABLE_TESTABILITY = YES;
				GCC_C_LANGUAGE_STANDARD = gnu99;
				GCC_DYNAMIC_NO_PIC = NO;
				GCC_NO_COMMON_BLOCKS = YES;
				GCC_OPTIMIZATION_LEVEL = 0;
				GCC_PREPROCESSOR_DEFINITIONS = (
					"DEBUG=1",
					"$(inherited)",
				);
				GCC_WARN_64_TO_32_BIT_CONVERSION = YES;
				GCC_WARN_ABOUT_RETURN_TYPE = YES_ERROR;
				GCC_WARN_UNDECLARED_SELECTOR = YES;
				GCC_WARN_UNINITIALIZED_AUTOS = YES_AGGRESSIVE;
				GCC_WARN_UNUSED_FUNCTION = YES;
				GCC_WARN_UNUSED_VARIABLE = YES;
				IPHONEOS_DEPLOYMENT_TARGET = 10.3;
				MTL_ENABLE_DEBUG_INFO = YES;
				ONLY_ACTIVE_ARCH = YES;
				SDKROOT = iphoneos;
				SWIFT_ACTIVE_COMPILATION_CONDITIONS = DEBUG;
				SWIFT_OPTIMIZATION_LEVEL = "-Onone";
				TARGETED_DEVICE_FAMILY = "1,2";
			};
			name = Debug;
		};
		F4C7848C1EEFD7630066DC9E /* Release */ = {
			isa = XCBuildConfiguration;
			buildSettings = {
				ALWAYS_SEARCH_USER_PATHS = NO;
				CLANG_ANALYZER_NONNULL = YES;
				CLANG_ANALYZER_NUMBER_OBJECT_CONVERSION = YES_AGGRESSIVE;
				CLANG_CXX_LANGUAGE_STANDARD = "gnu++0x";
				CLANG_CXX_LIBRARY = "libc++";
				CLANG_ENABLE_MODULES = YES;
				CLANG_ENABLE_OBJC_ARC = YES;
				CLANG_WARN_BOOL_CONVERSION = YES;
				CLANG_WARN_CONSTANT_CONVERSION = YES;
				CLANG_WARN_DIRECT_OBJC_ISA_USAGE = YES_ERROR;
				CLANG_WARN_DOCUMENTATION_COMMENTS = YES;
				CLANG_WARN_EMPTY_BODY = YES;
				CLANG_WARN_ENUM_CONVERSION = YES;
				CLANG_WARN_INFINITE_RECURSION = YES;
				CLANG_WARN_INT_CONVERSION = YES;
				CLANG_WARN_OBJC_ROOT_CLASS = YES_ERROR;
				CLANG_WARN_SUSPICIOUS_MOVE = YES;
				CLANG_WARN_UNREACHABLE_CODE = YES;
				CLANG_WARN__DUPLICATE_METHOD_MATCH = YES;
				"CODE_SIGN_IDENTITY[sdk=iphoneos*]" = "iPhone Developer";
				COPY_PHASE_STRIP = NO;
				DEBUG_INFORMATION_FORMAT = "dwarf-with-dsym";
				ENABLE_NS_ASSERTIONS = NO;
				ENABLE_STRICT_OBJC_MSGSEND = YES;
				GCC_C_LANGUAGE_STANDARD = gnu99;
				GCC_NO_COMMON_BLOCKS = YES;
				GCC_WARN_64_TO_32_BIT_CONVERSION = YES;
				GCC_WARN_ABOUT_RETURN_TYPE = YES_ERROR;
				GCC_WARN_UNDECLARED_SELECTOR = YES;
				GCC_WARN_UNINITIALIZED_AUTOS = YES_AGGRESSIVE;
				GCC_WARN_UNUSED_FUNCTION = YES;
				GCC_WARN_UNUSED_VARIABLE = YES;
				IPHONEOS_DEPLOYMENT_TARGET = 10.3;
				MTL_ENABLE_DEBUG_INFO = NO;
				SDKROOT = iphoneos;
				SWIFT_OPTIMIZATION_LEVEL = "-Owholemodule";
				TARGETED_DEVICE_FAMILY = "1,2";
				VALIDATE_PRODUCT = YES;
			};
			name = Release;
		};
		F4C7848E1EEFD7630066DC9E /* Debug */ = {
			isa = XCBuildConfiguration;
			buildSettings = {
				ASSETCATALOG_COMPILER_APPICON_NAME = AppIcon;
				INFOPLIST_FILE = "Easy Authen/Info.plist";
				LD_RUNPATH_SEARCH_PATHS = "$(inherited) @executable_path/Frameworks";
				PRODUCT_BUNDLE_IDENTIFIER = "DEKIT.weerapat.Easy-Authen";
				PRODUCT_NAME = "$(TARGET_NAME)";
				SWIFT_VERSION = 3.0;
			};
			name = Debug;
		};
		F4C7848F1EEFD7630066DC9E /* Release */ = {
			isa = XCBuildConfiguration;
			buildSettings = {
				ASSETCATALOG_COMPILER_APPICON_NAME = AppIcon;
				INFOPLIST_FILE = "Easy Authen/Info.plist";
				LD_RUNPATH_SEARCH_PATHS = "$(inherited) @executable_path/Frameworks";
				PRODUCT_BUNDLE_IDENTIFIER = "DEKIT.weerapat.Easy-Authen";
				PRODUCT_NAME = "$(TARGET_NAME)";
				SWIFT_VERSION = 3.0;
			};
			name = Release;
		};
/* End XCBuildConfiguration section */

/* Begin XCConfigurationList section */
		F4C784761EEFD7630066DC9E /* Build configuration list for PBXProject "Easy Authen" */ = {
			isa = XCConfigurationList;
			buildConfigurations = (
				F4C7848B1EEFD7630066DC9E /* Debug */,
				F4C7848C1EEFD7630066DC9E /* Release */,
			);
			defaultConfigurationIsVisible = 0;
			defaultConfigurationName = Release;
		};
		F4C7848D1EEFD7630066DC9E /* Build configuration list for PBXNativeTarget "Easy Authen" */ = {
			isa = XCConfigurationList;
			buildConfigurations = (
				F4C7848E1EEFD7630066DC9E /* Debug */,
				F4C7848F1EEFD7630066DC9E /* Release */,
			);
			defaultConfigurationIsVisible = 0;
			defaultConfigurationName = Release;
		};
/* End XCConfigurationList section */
	};
	rootObject = F4C784731EEFD7630066DC9E /* Project object */;
}
